
Microsoft Visual Studio Solution File, Format Version 12.00
# Visual Studio Version 17
VisualStudioVersion = 17.2.32516.85
MinimumVisualStudioVersion = 10.0.40219.1
Project("{FAE04EC0-301F-11D3-BF4B-00C04F79EFBC}") = "EFCoreProjection", "EFCoreProjection\EFCoreProjection.csproj", "{D0CA1D33-C3FD-457F-A2F6-2B5CCE92A786}"
EndProject
Project("{FAE04EC0-301F-11D3-BF4B-00C04F79EFBC}") = "EFCoreProjection.Tests", "EFCoreProjection.Tests\EFCoreProjection.Tests.csproj", "{FAB1EB20-43F8-4F5C-B8F3-8F35215E3F2F}"
EndProject
Global
	GlobalSection(SolutionConfigurationPlatforms) = preSolution
		Debug|Any CPU = Debug|Any CPU
		Release|Any CPU = Release|Any CPU
	EndGlobalSection
	GlobalSection(ProjectConfigurationPlatforms) = postSolution
		{D0CA1D33-C3FD-457F-A2F6-2B5CCE92A786}.Debug|Any CPU.ActiveCfg = Debug|Any CPU
		{D0CA1D33-C3FD-457F-A2F6-2B5CCE92A786}.Debug|Any CPU.Build.0 = Debug|Any CPU
		{D0CA1D33-C3FD-457F-A2F6-2B5CCE92A786}.Release|Any CPU.ActiveCfg = Release|Any CPU
		{D0CA1D33-C3FD-457F-A2F6-2B5CCE92A786}.Release|Any CPU.Build.0 = Release|Any CPU
		{FAB1EB20-43F8-4F5C-B8F3-8F35215E3F2F}.Debug|Any CPU.ActiveCfg = Debug|Any CPU
		{FAB1EB20-43F8-4F5C-B8F3-8F35215E3F2F}.Debug|Any CPU.Build.0 = Debug|Any CPU
		{FAB1EB20-43F8-4F5C-B8F3-8F35215E3F2F}.Release|Any CPU.ActiveCfg = Release|Any CPU
		{FAB1EB20-43F8-4F5C-B8F3-8F35215E3F2F}.Release|Any CPU.Build.0 = Release|Any CPU
	EndGlobalSection
	GlobalSection(SolutionProperties) = preSolution
		HideSolutionNode = FALSE
	EndGlobalSection
	GlobalSection(ExtensibilityGlobals) = postSolution
		SolutionGuid = {8938B849-AB0C-43BE-9141-1444E09D23B6}
	EndGlobalSection
EndGlobal
